// !$*UTF8*$!
{
	archiveVersion = 1;
	classes = {
	};
	objectVersion = 51;
	objects = {

/* Begin PBXBuildFile section */
		5539B92826AD6F2E00350682 /* MakeIngrientMeasureArray.swift in Sources */ = {isa = PBXBuildFile; fileRef = 5539B92726AD6F2E00350682 /* MakeIngrientMeasureArray.swift */; };
		5539B92A26AD806C00350682 /* SearchFoodVC.swift in Sources */ = {isa = PBXBuildFile; fileRef = 5539B92926AD806C00350682 /* SearchFoodVC.swift */; };
		5539B93126AD937700350682 /* FavouriteFoodVC.swift in Sources */ = {isa = PBXBuildFile; fileRef = 5539B93026AD937700350682 /* FavouriteFoodVC.swift */; };
		5539B93426AD96EA00350682 /* RealMeal.swift in Sources */ = {isa = PBXBuildFile; fileRef = 5539B93326AD96EA00350682 /* RealMeal.swift */; };
		5539B93626ADA26A00350682 /* ConvertReamlToMolde.swift in Sources */ = {isa = PBXBuildFile; fileRef = 5539B93526ADA26A00350682 /* ConvertReamlToMolde.swift */; };
		5539B93826ADA30800350682 /* DBManager.swift in Sources */ = {isa = PBXBuildFile; fileRef = 5539B93726ADA30800350682 /* DBManager.swift */; };
		558AE3C826AD18AA00A39F2A /* AppDelegate.swift in Sources */ = {isa = PBXBuildFile; fileRef = 558AE3C726AD18AA00A39F2A /* AppDelegate.swift */; };
		558AE3CA26AD18AA00A39F2A /* SceneDelegate.swift in Sources */ = {isa = PBXBuildFile; fileRef = 558AE3C926AD18AA00A39F2A /* SceneDelegate.swift */; };
		558AE3CC26AD18AA00A39F2A /* ViewController.swift in Sources */ = {isa = PBXBuildFile; fileRef = 558AE3CB26AD18AA00A39F2A /* ViewController.swift */; };
		558AE3CF26AD18AA00A39F2A /* Main.storyboard in Resources */ = {isa = PBXBuildFile; fileRef = 558AE3CD26AD18AA00A39F2A /* Main.storyboard */; };
		558AE3D126AD18AB00A39F2A /* Assets.xcassets in Resources */ = {isa = PBXBuildFile; fileRef = 558AE3D026AD18AB00A39F2A /* Assets.xcassets */; };
		558AE3D426AD18AB00A39F2A /* LaunchScreen.storyboard in Resources */ = {isa = PBXBuildFile; fileRef = 558AE3D226AD18AB00A39F2A /* LaunchScreen.storyboard */; };
		558AE3DD26AD1FBA00A39F2A /* HttpUtility.swift in Sources */ = {isa = PBXBuildFile; fileRef = 558AE3DC26AD1FBA00A39F2A /* HttpUtility.swift */; };
		558AE3DF26AD201D00A39F2A /* RandomFoodAPI.swift in Sources */ = {isa = PBXBuildFile; fileRef = 558AE3DE26AD201D00A39F2A /* RandomFoodAPI.swift */; };
		558AE3E226AD20B000A39F2A /* ConstantsValues.swift in Sources */ = {isa = PBXBuildFile; fileRef = 558AE3E126AD20B000A39F2A /* ConstantsValues.swift */; };
		559008F126AD4F98005D66EF /* SearchByNameAPI.swift in Sources */ = {isa = PBXBuildFile; fileRef = 559008F026AD4F98005D66EF /* SearchByNameAPI.swift */; };
		AD355DDD0FA5F95CF8B4E56D /* Pods_Food_Cook_Book.framework in Frameworks */ = {isa = PBXBuildFile; fileRef = A02F09A0AA4B2FDA4FED672E /* Pods_Food_Cook_Book.framework */; };
/* End PBXBuildFile section */

/* Begin PBXFileReference section */
		5539B90826AD5D6000350682 /* Food Cook Book-Bridging-Header.h */ = {isa = PBXFileReference; lastKnownFileType = sourcecode.c.h; path = "Food Cook Book-Bridging-Header.h"; sourceTree = "<group>"; };
		5539B92726AD6F2E00350682 /* MakeIngrientMeasureArray.swift */ = {isa = PBXFileReference; lastKnownFileType = sourcecode.swift; path = MakeIngrientMeasureArray.swift; sourceTree = "<group>"; };
		5539B92926AD806C00350682 /* SearchFoodVC.swift */ = {isa = PBXFileReference; lastKnownFileType = sourcecode.swift; path = SearchFoodVC.swift; sourceTree = "<group>"; };
		5539B93026AD937700350682 /* FavouriteFoodVC.swift */ = {isa = PBXFileReference; lastKnownFileType = sourcecode.swift; path = FavouriteFoodVC.swift; sourceTree = "<group>"; };
		5539B93326AD96EA00350682 /* RealMeal.swift */ = {isa = PBXFileReference; lastKnownFileType = sourcecode.swift; path = RealMeal.swift; sourceTree = "<group>"; };
		5539B93526ADA26A00350682 /* ConvertReamlToMolde.swift */ = {isa = PBXFileReference; lastKnownFileType = sourcecode.swift; path = ConvertReamlToMolde.swift; sourceTree = "<group>"; };
		5539B93726ADA30800350682 /* DBManager.swift */ = {isa = PBXFileReference; lastKnownFileType = sourcecode.swift; path = DBManager.swift; sourceTree = "<group>"; };
		558AE3C426AD18AA00A39F2A /* Food Cook Book.app */ = {isa = PBXFileReference; explicitFileType = wrapper.application; includeInIndex = 0; path = "Food Cook Book.app"; sourceTree = BUILT_PRODUCTS_DIR; };
		558AE3C726AD18AA00A39F2A /* AppDelegate.swift */ = {isa = PBXFileReference; lastKnownFileType = sourcecode.swift; path = AppDelegate.swift; sourceTree = "<group>"; };
		558AE3C926AD18AA00A39F2A /* SceneDelegate.swift */ = {isa = PBXFileReference; lastKnownFileType = sourcecode.swift; path = SceneDelegate.swift; sourceTree = "<group>"; };
		558AE3CB26AD18AA00A39F2A /* ViewController.swift */ = {isa = PBXFileReference; lastKnownFileType = sourcecode.swift; path = ViewController.swift; sourceTree = "<group>"; };
		558AE3CE26AD18AA00A39F2A /* Base */ = {isa = PBXFileReference; lastKnownFileType = file.storyboard; name = Base; path = Base.lproj/Main.storyboard; sourceTree = "<group>"; };
		558AE3D026AD18AB00A39F2A /* Assets.xcassets */ = {isa = PBXFileReference; lastKnownFileType = folder.assetcatalog; path = Assets.xcassets; sourceTree = "<group>"; };
		558AE3D326AD18AB00A39F2A /* Base */ = {isa = PBXFileReference; lastKnownFileType = file.storyboard; name = Base; path = Base.lproj/LaunchScreen.storyboard; sourceTree = "<group>"; };
		558AE3D526AD18AB00A39F2A /* Info.plist */ = {isa = PBXFileReference; lastKnownFileType = text.plist.xml; path = Info.plist; sourceTree = "<group>"; };
		558AE3DC26AD1FBA00A39F2A /* HttpUtility.swift */ = {isa = PBXFileReference; fileEncoding = 4; lastKnownFileType = sourcecode.swift; path = HttpUtility.swift; sourceTree = "<group>"; };
		558AE3DE26AD201D00A39F2A /* RandomFoodAPI.swift */ = {isa = PBXFileReference; lastKnownFileType = sourcecode.swift; path = RandomFoodAPI.swift; sourceTree = "<group>"; };
		558AE3E126AD20B000A39F2A /* ConstantsValues.swift */ = {isa = PBXFileReference; lastKnownFileType = sourcecode.swift; path = ConstantsValues.swift; sourceTree = "<group>"; };
		559008F026AD4F98005D66EF /* SearchByNameAPI.swift */ = {isa = PBXFileReference; lastKnownFileType = sourcecode.swift; path = SearchByNameAPI.swift; sourceTree = "<group>"; };
		A02F09A0AA4B2FDA4FED672E /* Pods_Food_Cook_Book.framework */ = {isa = PBXFileReference; explicitFileType = wrapper.framework; includeInIndex = 0; path = Pods_Food_Cook_Book.framework; sourceTree = BUILT_PRODUCTS_DIR; };
		A9CE6B5042AC8409C7ADDB4F /* Pods-Food Cook Book.release.xcconfig */ = {isa = PBXFileReference; includeInIndex = 1; lastKnownFileType = text.xcconfig; name = "Pods-Food Cook Book.release.xcconfig"; path = "Target Support Files/Pods-Food Cook Book/Pods-Food Cook Book.release.xcconfig"; sourceTree = "<group>"; };
		CA56EAF77E6A170F3D078427 /* Pods-Food Cook Book.debug.xcconfig */ = {isa = PBXFileReference; includeInIndex = 1; lastKnownFileType = text.xcconfig; name = "Pods-Food Cook Book.debug.xcconfig"; path = "Target Support Files/Pods-Food Cook Book/Pods-Food Cook Book.debug.xcconfig"; sourceTree = "<group>"; };
/* End PBXFileReference section */

/* Begin PBXFrameworksBuildPhase section */
		558AE3C126AD18AA00A39F2A /* Frameworks */ = {
			isa = PBXFrameworksBuildPhase;
			buildActionMask = 2147483647;
			files = (
				AD355DDD0FA5F95CF8B4E56D /* Pods_Food_Cook_Book.framework in Frameworks */,
			);
			runOnlyForDeploymentPostprocessing = 0;
		};
/* End PBXFrameworksBuildPhase section */

/* Begin PBXGroup section */
		3CDE9545C9A04F4A4C0A164B /* Frameworks */ = {
			isa = PBXGroup;
			children = (
				A02F09A0AA4B2FDA4FED672E /* Pods_Food_Cook_Book.framework */,
			);
			name = Frameworks;
			sourceTree = "<group>";
		};
		5539B90626AD5CE400350682 /* ThirdPartyLib */ = {
			isa = PBXGroup;
			children = (
			);
			path = ThirdPartyLib;
			sourceTree = "<group>";
		};
		5539B92B26AD8D4900350682 /* Extension */ = {
			isa = PBXGroup;
			children = (
			);
			path = Extension;
			sourceTree = "<group>";
		};
		5539B93226AD96C900350682 /* DB */ = {
			isa = PBXGroup;
			children = (
				5539B93326AD96EA00350682 /* RealMeal.swift */,
				5539B93526ADA26A00350682 /* ConvertReamlToMolde.swift */,
				5539B93726ADA30800350682 /* DBManager.swift */,
			);
			path = DB;
			sourceTree = "<group>";
		};
		558AE3BB26AD18AA00A39F2A = {
			isa = PBXGroup;
			children = (
				558AE3C626AD18AA00A39F2A /* Food Cook Book */,
				558AE3C526AD18AA00A39F2A /* Products */,
				C2F462E537E825DD8EE83273 /* Pods */,
				3CDE9545C9A04F4A4C0A164B /* Frameworks */,
			);
			sourceTree = "<group>";
		};
		558AE3C526AD18AA00A39F2A /* Products */ = {
			isa = PBXGroup;
			children = (
				558AE3C426AD18AA00A39F2A /* Food Cook Book.app */,
			);
			name = Products;
			sourceTree = "<group>";
		};
		558AE3C626AD18AA00A39F2A /* Food Cook Book */ = {
			isa = PBXGroup;
			children = (
				558AE3C726AD18AA00A39F2A /* AppDelegate.swift */,
				558AE3C926AD18AA00A39F2A /* SceneDelegate.swift */,
				558AE3CB26AD18AA00A39F2A /* ViewController.swift */,
				5539B92926AD806C00350682 /* SearchFoodVC.swift */,
				5539B93026AD937700350682 /* FavouriteFoodVC.swift */,
				558AE3CD26AD18AA00A39F2A /* Main.storyboard */,
				558AE3D026AD18AB00A39F2A /* Assets.xcassets */,
				558AE3D226AD18AB00A39F2A /* LaunchScreen.storyboard */,
				558AE3D526AD18AB00A39F2A /* Info.plist */,
				5539B90826AD5D6000350682 /* Food Cook Book-Bridging-Header.h */,
				5539B92726AD6F2E00350682 /* MakeIngrientMeasureArray.swift */,
				5539B93226AD96C900350682 /* DB */,
				558AE3DB26AD1F7700A39F2A /* API */,
				558AE3E026AD208F00A39F2A /* Common */,
				5539B90626AD5CE400350682 /* ThirdPartyLib */,
				5539B92B26AD8D4900350682 /* Extension */,
			);
			path = "Food Cook Book";
			sourceTree = "<group>";
		};
		558AE3DB26AD1F7700A39F2A /* API */ = {
			isa = PBXGroup;
			children = (
				558AE3DC26AD1FBA00A39F2A /* HttpUtility.swift */,
				558AE3DE26AD201D00A39F2A /* RandomFoodAPI.swift */,
				559008F026AD4F98005D66EF /* SearchByNameAPI.swift */,
			);
			path = API;
			sourceTree = "<group>";
		};
		558AE3E026AD208F00A39F2A /* Common */ = {
			isa = PBXGroup;
			children = (
				558AE3E126AD20B000A39F2A /* ConstantsValues.swift */,
			);
			path = Common;
			sourceTree = "<group>";
		};
		C2F462E537E825DD8EE83273 /* Pods */ = {
			isa = PBXGroup;
			children = (
				CA56EAF77E6A170F3D078427 /* Pods-Food Cook Book.debug.xcconfig */,
				A9CE6B5042AC8409C7ADDB4F /* Pods-Food Cook Book.release.xcconfig */,
			);
			path = Pods;
			sourceTree = "<group>";
		};
/* End PBXGroup section */

/* Begin PBXHeadersBuildPhase section */
		5539B91B26AD623500350682 /* Headers */ = {
			isa = PBXHeadersBuildPhase;
			buildActionMask = 2147483647;
			files = (
			);
			runOnlyForDeploymentPostprocessing = 0;
		};
/* End PBXHeadersBuildPhase section */

/* Begin PBXNativeTarget section */
		558AE3C326AD18AA00A39F2A /* Food Cook Book */ = {
			isa = PBXNativeTarget;
			buildConfigurationList = 558AE3D826AD18AB00A39F2A /* Build configuration list for PBXNativeTarget "Food Cook Book" */;
			buildPhases = (
				77C99FFAEFD468070388E94F /* [CP] Check Pods Manifest.lock */,
				5539B91B26AD623500350682 /* Headers */,
				558AE3C026AD18AA00A39F2A /* Sources */,
				558AE3C126AD18AA00A39F2A /* Frameworks */,
				558AE3C226AD18AA00A39F2A /* Resources */,
				61C8D9F1F5C426EF141A76E5 /* [CP] Embed Pods Frameworks */,
			);
			buildRules = (
			);
			dependencies = (
			);
			name = "Food Cook Book";
			productName = "Food Cook Book";
			productReference = 558AE3C426AD18AA00A39F2A /* Food Cook Book.app */;
			productType = "com.apple.product-type.application";
		};
/* End PBXNativeTarget section */

/* Begin PBXProject section */
		558AE3BC26AD18AA00A39F2A /* Project object */ = {
			isa = PBXProject;
			attributes = {
				LastSwiftUpdateCheck = 1250;
				LastUpgradeCheck = 1250;
				TargetAttributes = {
					558AE3C326AD18AA00A39F2A = {
						CreatedOnToolsVersion = 12.5.1;
						LastSwiftMigration = 1250;
					};
				};
			};
			buildConfigurationList = 558AE3BF26AD18AA00A39F2A /* Build configuration list for PBXProject "Food Cook Book" */;
			compatibilityVersion = "Xcode 9.3";
			developmentRegion = en;
			hasScannedForEncodings = 0;
			knownRegions = (
				en,
				Base,
			);
			mainGroup = 558AE3BB26AD18AA00A39F2A;
			productRefGroup = 558AE3C526AD18AA00A39F2A /* Products */;
			projectDirPath = "";
			projectRoot = "";
			targets = (
				558AE3C326AD18AA00A39F2A /* Food Cook Book */,
			);
		};
/* End PBXProject section */

/* Begin PBXResourcesBuildPhase section */
		558AE3C226AD18AA00A39F2A /* Resources */ = {
			isa = PBXResourcesBuildPhase;
			buildActionMask = 2147483647;
			files = (
				558AE3D426AD18AB00A39F2A /* LaunchScreen.storyboard in Resources */,
				558AE3D126AD18AB00A39F2A /* Assets.xcassets in Resources */,
				558AE3CF26AD18AA00A39F2A /* Main.storyboard in Resources */,
			);
			runOnlyForDeploymentPostprocessing = 0;
		};
/* End PBXResourcesBuildPhase section */

/* Begin PBXShellScriptBuildPhase section */
		61C8D9F1F5C426EF141A76E5 /* [CP] Embed Pods Frameworks */ = {
			isa = PBXShellScriptBuildPhase;
			buildActionMask = 2147483647;
			files = (
			);
			inputFileListPaths = (
				"${PODS_ROOT}/Target Support Files/Pods-Food Cook Book/Pods-Food Cook Book-frameworks-${CONFIGURATION}-input-files.xcfilelist",
			);
			name = "[CP] Embed Pods Frameworks";
			outputFileListPaths = (
				"${PODS_ROOT}/Target Support Files/Pods-Food Cook Book/Pods-Food Cook Book-frameworks-${CONFIGURATION}-output-files.xcfilelist",
			);
			runOnlyForDeploymentPostprocessing = 0;
			shellPath = /bin/sh;
			shellScript = "\"${PODS_ROOT}/Target Support Files/Pods-Food Cook Book/Pods-Food Cook Book-frameworks.sh\"\n";
			showEnvVarsInLog = 0;
		};
		77C99FFAEFD468070388E94F /* [CP] Check Pods Manifest.lock */ = {
			isa = PBXShellScriptBuildPhase;
			buildActionMask = 2147483647;
			files = (
			);
			inputFileListPaths = (
			);
			inputPaths = (
				"${PODS_PODFILE_DIR_PATH}/Podfile.lock",
				"${PODS_ROOT}/Manifest.lock",
			);
			name = "[CP] Check Pods Manifest.lock";
			outputFileListPaths = (
			);
			outputPaths = (
				"$(DERIVED_FILE_DIR)/Pods-Food Cook Book-checkManifestLockResult.txt",
			);
			runOnlyForDeploymentPostprocessing = 0;
			shellPath = /bin/sh;
			shellScript = "diff \"${PODS_PODFILE_DIR_PATH}/Podfile.lock\" \"${PODS_ROOT}/Manifest.lock\" > /dev/null\nif [ $? != 0 ] ; then\n    # print error to STDERR\n    echo \"error: The sandbox is not in sync with the Podfile.lock. Run 'pod install' or update your CocoaPods installation.\" >&2\n    exit 1\nfi\n# This output is used by Xcode 'outputs' to avoid re-running this script phase.\necho \"SUCCESS\" > \"${SCRIPT_OUTPUT_FILE_0}\"\n";
			showEnvVarsInLog = 0;
		};
/* End PBXShellScriptBuildPhase section */

/* Begin PBXSourcesBuildPhase section */
		558AE3C026AD18AA00A39F2A /* Sources */ = {
			isa = PBXSourcesBuildPhase;
			buildActionMask = 2147483647;
			files = (
				5539B92826AD6F2E00350682 /* MakeIngrientMeasureArray.swift in Sources */,
				559008F126AD4F98005D66EF /* SearchByNameAPI.swift in Sources */,
				5539B93626ADA26A00350682 /* ConvertReamlToMolde.swift in Sources */,
				5539B93826ADA30800350682 /* DBManager.swift in Sources */,
				5539B93426AD96EA00350682 /* RealMeal.swift in Sources */,
				5539B92A26AD806C00350682 /* SearchFoodVC.swift in Sources */,
				558AE3DD26AD1FBA00A39F2A /* HttpUtility.swift in Sources */,
				558AE3DF26AD201D00A39F2A /* RandomFoodAPI.swift in Sources */,
				558AE3CC26AD18AA00A39F2A /* ViewController.swift in Sources */,
				558AE3C826AD18AA00A39F2A /* AppDelegate.swift in Sources */,
				558AE3CA26AD18AA00A39F2A /* SceneDelegate.swift in Sources */,
				5539B93126AD937700350682 /* FavouriteFoodVC.swift in Sources */,
				558AE3E226AD20B000A39F2A /* ConstantsValues.swift in Sources */,
			);
			runOnlyForDeploymentPostprocessing = 0;
		};
/* End PBXSourcesBuildPhase section */

/* Begin PBXVariantGroup section */
		558AE3CD26AD18AA00A39F2A /* Main.storyboard */ = {
			isa = PBXVariantGroup;
			children = (
				558AE3CE26AD18AA00A39F2A /* Base */,
			);
			name = Main.storyboard;
			sourceTree = "<group>";
		};
		558AE3D226AD18AB00A39F2A /* LaunchScreen.storyboard */ = {
			isa = PBXVariantGroup;
			children = (
				558AE3D326AD18AB00A39F2A /* Base */,
			);
			name = LaunchScreen.storyboard;
			sourceTree = "<group>";
		};
/* End PBXVariantGroup section */

/* Begin XCBuildConfiguration section */
		558AE3D626AD18AB00A39F2A /* Debug */ = {
			isa = XCBuildConfiguration;
			buildSettings = {
				ALWAYS_SEARCH_USER_PATHS = NO;
				CLANG_ANALYZER_NONNULL = YES;
				CLANG_ANALYZER_NUMBER_OBJECT_CONVERSION = YES_AGGRESSIVE;
				CLANG_CXX_LANGUAGE_STANDARD = "gnu++14";
				CLANG_CXX_LIBRARY = "libc++";
				CLANG_ENABLE_MODULES = YES;
				CLANG_ENABLE_OBJC_ARC = YES;
				CLANG_ENABLE_OBJC_WEAK = YES;
				CLANG_WARN_BLOCK_CAPTURE_AUTORELEASING = YES;
				CLANG_WARN_BOOL_CONVERSION = YES;
				CLANG_WARN_COMMA = YES;
				CLANG_WARN_CONSTANT_CONVERSION = YES;
				CLANG_WARN_DEPRECATED_OBJC_IMPLEMENTATIONS = YES;
				CLANG_WARN_DIRECT_OBJC_ISA_USAGE = YES_ERROR;
				CLANG_WARN_DOCUMENTATION_COMMENTS = YES;
				CLANG_WARN_EMPTY_BODY = YES;
				CLANG_WARN_ENUM_CONVERSION = YES;
				CLANG_WARN_INFINITE_RECURSION = YES;
				CLANG_WARN_INT_CONVERSION = YES;
				CLANG_WARN_NON_LITERAL_NULL_CONVERSION = YES;
				CLANG_WARN_OBJC_IMPLICIT_RETAIN_SELF = YES;
				CLANG_WARN_OBJC_LITERAL_CONVERSION = YES;
				CLANG_WARN_OBJC_ROOT_CLASS = YES_ERROR;
				CLANG_WARN_QUOTED_INCLUDE_IN_FRAMEWORK_HEADER = YES;
				CLANG_WARN_RANGE_LOOP_ANALYSIS = YES;
				CLANG_WARN_STRICT_PROTOTYPES = YES;
				CLANG_WARN_SUSPICIOUS_MOVE = YES;
				CLANG_WARN_UNGUARDED_AVAILABILITY = YES_AGGRESSIVE;
				CLANG_WARN_UNREACHABLE_CODE = YES;
				CLANG_WARN__DUPLICATE_METHOD_MATCH = YES;
				COPY_PHASE_STRIP = NO;
				DEBUG_INFORMATION_FORMAT = dwarf;
				ENABLE_STRICT_OBJC_MSGSEND = YES;
				ENABLE_TESTABILITY = YES;
				GCC_C_LANGUAGE_STANDARD = gnu11;
				GCC_DYNAMIC_NO_PIC = NO;
				GCC_NO_COMMON_BLOCKS = YES;
				GCC_OPTIMIZATION_LEVEL = 0;
				GCC_PREPROCESSOR_DEFINITIONS = (
					"DEBUG=1",
					"$(inherited)",
				);
				GCC_WARN_64_TO_32_BIT_CONVERSION = YES;
				GCC_WARN_ABOUT_RETURN_TYPE = YES_ERROR;
				GCC_WARN_UNDECLARED_SELECTOR = YES;
				GCC_WARN_UNINITIALIZED_AUTOS = YES_AGGRESSIVE;
				GCC_WARN_UNUSED_FUNCTION = YES;
				GCC_WARN_UNUSED_VARIABLE = YES;
				IPHONEOS_DEPLOYMENT_TARGET = 14.5;
				MTL_ENABLE_DEBUG_INFO = INCLUDE_SOURCE;
				MTL_FAST_MATH = YES;
				ONLY_ACTIVE_ARCH = YES;
				SDKROOT = iphoneos;
				SWIFT_ACTIVE_COMPILATION_CONDITIONS = DEBUG;
				SWIFT_OPTIMIZATION_LEVEL = "-Onone";
			};
			name = Debug;
		};
		558AE3D726AD18AB00A39F2A /* Release */ = {
			isa = XCBuildConfiguration;
			buildSettings = {
				ALWAYS_SEARCH_USER_PATHS = NO;
				CLANG_ANALYZER_NONNULL = YES;
				CLANG_ANALYZER_NUMBER_OBJECT_CONVERSION = YES_AGGRESSIVE;
				CLANG_CXX_LANGUAGE_STANDARD = "gnu++14";
				CLANG_CXX_LIBRARY = "libc++";
				CLANG_ENABLE_MODULES = YES;
				CLANG_ENABLE_OBJC_ARC = YES;
				CLANG_ENABLE_OBJC_WEAK = YES;
				CLANG_WARN_BLOCK_CAPTURE_AUTORELEASING = YES;
				CLANG_WARN_BOOL_CONVERSION = YES;
				CLANG_WARN_COMMA = YES;
				CLANG_WARN_CONSTANT_CONVERSION = YES;
				CLANG_WARN_DEPRECATED_OBJC_IMPLEMENTATIONS = YES;
				CLANG_WARN_DIRECT_OBJC_ISA_USAGE = YES_ERROR;
				CLANG_WARN_DOCUMENTATION_COMMENTS = YES;
				CLANG_WARN_EMPTY_BODY = YES;
				CLANG_WARN_ENUM_CONVERSION = YES;
				CLANG_WARN_INFINITE_RECURSION = YES;
				CLANG_WARN_INT_CONVERSION = YES;
				CLANG_WARN_NON_LITERAL_NULL_CONVERSION = YES;
				CLANG_WARN_OBJC_IMPLICIT_RETAIN_SELF = YES;
				CLANG_WARN_OBJC_LITERAL_CONVERSION = YES;
				CLANG_WARN_OBJC_ROOT_CLASS = YES_ERROR;
				CLANG_WARN_QUOTED_INCLUDE_IN_FRAMEWORK_HEADER = YES;
				CLANG_WARN_RANGE_LOOP_ANALYSIS = YES;
				CLANG_WARN_STRICT_PROTOTYPES = YES;
				CLANG_WARN_SUSPICIOUS_MOVE = YES;
				CLANG_WARN_UNGUARDED_AVAILABILITY = YES_AGGRESSIVE;
				CLANG_WARN_UNREACHABLE_CODE = YES;
				CLANG_WARN__DUPLICATE_METHOD_MATCH = YES;
				COPY_PHASE_STRIP = NO;
				DEBUG_INFORMATION_FORMAT = "dwarf-with-dsym";
				ENABLE_NS_ASSERTIONS = NO;
				ENABLE_STRICT_OBJC_MSGSEND = YES;
				GCC_C_LANGUAGE_STANDARD = gnu11;
				GCC_NO_COMMON_BLOCKS = YES;
				GCC_WARN_64_TO_32_BIT_CONVERSION = YES;
				GCC_WARN_ABOUT_RETURN_TYPE = YES_ERROR;
				GCC_WARN_UNDECLARED_SELECTOR = YES;
				GCC_WARN_UNINITIALIZED_AUTOS = YES_AGGRESSIVE;
				GCC_WARN_UNUSED_FUNCTION = YES;
				GCC_WARN_UNUSED_VARIABLE = YES;
				IPHONEOS_DEPLOYMENT_TARGET = 14.5;
				MTL_ENABLE_DEBUG_INFO = NO;
				MTL_FAST_MATH = YES;
				SDKROOT = iphoneos;
				SWIFT_COMPILATION_MODE = wholemodule;
				SWIFT_OPTIMIZATION_LEVEL = "-O";
				VALIDATE_PRODUCT = YES;
			};
			name = Release;
		};
		558AE3D926AD18AB00A39F2A /* Debug */ = {
			isa = XCBuildConfiguration;
			baseConfigurationReference = CA56EAF77E6A170F3D078427 /* Pods-Food Cook Book.debug.xcconfig */;
			buildSettings = {
				ASSETCATALOG_COMPILER_APPICON_NAME = AppIcon;
				ASSETCATALOG_COMPILER_GLOBAL_ACCENT_COLOR_NAME = AccentColor;
				CLANG_ENABLE_MODULES = YES;
				CODE_SIGN_STYLE = Automatic;
				DEVELOPMENT_TEAM = G5H4H7D2K3;
				INFOPLIST_FILE = "Food Cook Book/Info.plist";
				IPHONEOS_DEPLOYMENT_TARGET = 13.0;
				LD_RUNPATH_SEARCH_PATHS = (
					"$(inherited)",
					"@executable_path/Frameworks",
				);
				PRODUCT_BUNDLE_IDENTIFIER = "reading-right.Food-Cook-Book";
				PRODUCT_NAME = "$(TARGET_NAME)";
				SWIFT_OBJC_BRIDGING_HEADER = "Food Cook Book/Food Cook Book-Bridging-Header.h";
				SWIFT_OPTIMIZATION_LEVEL = "-Onone";
				SWIFT_VERSION = 5.0;
				TARGETED_DEVICE_FAMILY = 1;
			};
			name = Debug;
		};
		558AE3DA26AD18AB00A39F2A /* Release */ = {
			isa = XCBuildConfiguration;
			baseConfigurationReference = A9CE6B5042AC8409C7ADDB4F /* Pods-Food Cook Book.release.xcconfig */;
			buildSettings = {
				ASSETCATALOG_COMPILER_APPICON_NAME = AppIcon;
				ASSETCATALOG_COMPILER_GLOBAL_ACCENT_COLOR_NAME = AccentColor;
				CLANG_ENABLE_MODULES = YES;
				CODE_SIGN_STYLE = Automatic;
				DEVELOPMENT_TEAM = G5H4H7D2K3;
				INFOPLIST_FILE = "Food Cook Book/Info.plist";
				IPHONEOS_DEPLOYMENT_TARGET = 13.0;
				LD_RUNPATH_SEARCH_PATHS = (
					"$(inherited)",
					"@executable_path/Frameworks",
				);
				PRODUCT_BUNDLE_IDENTIFIER = "reading-right.Food-Cook-Book";
				PRODUCT_NAME = "$(TARGET_NAME)";
				SWIFT_OBJC_BRIDGING_HEADER = "Food Cook Book/Food Cook Book-Bridging-Header.h";
				SWIFT_VERSION = 5.0;
				TARGETED_DEVICE_FAMILY = 1;
			};
			name = Release;
		};
/* End XCBuildConfiguration section */

/* Begin XCConfigurationList section */
		558AE3BF26AD18AA00A39F2A /* Build configuration list for PBXProject "Food Cook Book" */ = {
			isa = XCConfigurationList;
			buildConfigurations = (
				558AE3D626AD18AB00A39F2A /* Debug */,
				558AE3D726AD18AB00A39F2A /* Release */,
			);
			defaultConfigurationIsVisible = 0;
			defaultConfigurationName = Release;
		};
		558AE3D826AD18AB00A39F2A /* Build configuration list for PBXNativeTarget "Food Cook Book" */ = {
			isa = XCConfigurationList;
			buildConfigurations = (
				558AE3D926AD18AB00A39F2A /* Debug */,
				558AE3DA26AD18AB00A39F2A /* Release */,
			);
			defaultConfigurationIsVisible = 0;
			defaultConfigurationName = Release;
		};
/* End XCConfigurationList section */
	};
	rootObject = 558AE3BC26AD18AA00A39F2A /* Project object */;
}
